
Microsoft Visual Studio Solution File, Format Version 12.00
# Visual Studio 15
VisualStudioVersion = 15.0.27703.2035
MinimumVisualStudioVersion = 10.0.40219.1
Project("{FAE04EC0-301F-11D3-BF4B-00C04F79EFBC}") = "EF_Mutiple_Dev_Migration_Demo", "EF_Mutiple_Dev_Migration_Demo\EF_Mutiple_Dev_Migration_Demo.csproj", "{587A8DB1-0188-499C-B612-B2A00823BAE9}"
EndProject
Global
	GlobalSection(SolutionConfigurationPlatforms) = preSolution
		Debug|Any CPU = Debug|Any CPU
		Release|Any CPU = Release|Any CPU
	EndGlobalSection
	GlobalSection(ProjectConfigurationPlatforms) = postSolution
		{587A8DB1-0188-499C-B612-B2A00823BAE9}.Debug|Any CPU.ActiveCfg = Debug|Any CPU
		{587A8DB1-0188-499C-B612-B2A00823BAE9}.Debug|Any CPU.Build.0 = Debug|Any CPU
		{587A8DB1-0188-499C-B612-B2A00823BAE9}.Release|Any CPU.ActiveCfg = Release|Any CPU
		{587A8DB1-0188-499C-B612-B2A00823BAE9}.Release|Any CPU.Build.0 = Release|Any CPU
	EndGlobalSection
	GlobalSection(SolutionProperties) = preSolution
		HideSolutionNode = FALSE
	EndGlobalSection
	GlobalSection(ExtensibilityGlobals) = postSolution
		SolutionGuid = {DDC8956B-A45A-4013-AE29-E87D493C5BBD}
	EndGlobalSection
EndGlobal
